// !$*UTF8*$!
{
	archiveVersion = 1;
	classes = {
	};
	objectVersion = 55;
	objects = {

/* Begin PBXBuildFile section */
		E90481B0295522B200283C5D /* LeftBarButtonView.swift in Sources */ = {isa = PBXBuildFile; fileRef = E90481AF295522B200283C5D /* LeftBarButtonView.swift */; };
		E90481B22955232400283C5D /* RightBarItemView.swift in Sources */ = {isa = PBXBuildFile; fileRef = E90481B12955232400283C5D /* RightBarItemView.swift */; };
		E90481B52955269D00283C5D /* CarouselView.swift in Sources */ = {isa = PBXBuildFile; fileRef = E90481B42955269D00283C5D /* CarouselView.swift */; };
		E90481BA29553F1B00283C5D /* SpecificationsView.swift in Sources */ = {isa = PBXBuildFile; fileRef = E90481B929553F1B00283C5D /* SpecificationsView.swift */; };
		E90481BC2959A1BF00283C5D /* CartCardView.swift in Sources */ = {isa = PBXBuildFile; fileRef = E90481BB2959A1BF00283C5D /* CartCardView.swift */; };
		E90481CF295C69A900283C5D /* FilterView.swift in Sources */ = {isa = PBXBuildFile; fileRef = E90481CE295C69A900283C5D /* FilterView.swift */; };
		E9A1685D2951E02B00E55ACA /* MarkPro-Bold.ttf in Resources */ = {isa = PBXBuildFile; fileRef = E9A1685A2951E02B00E55ACA /* MarkPro-Bold.ttf */; };
		E9A1685E2951E02B00E55ACA /* MarkPro-Regular.ttf in Resources */ = {isa = PBXBuildFile; fileRef = E9A1685B2951E02B00E55ACA /* MarkPro-Regular.ttf */; };
		E9A1685F2951E02B00E55ACA /* MarkPro-Medium.ttf in Resources */ = {isa = PBXBuildFile; fileRef = E9A1685C2951E02B00E55ACA /* MarkPro-Medium.ttf */; };
		E9A168652952059100E55ACA /* BestSellerCollectionView.swift in Sources */ = {isa = PBXBuildFile; fileRef = E9A168642952059100E55ACA /* BestSellerCollectionView.swift */; };
		E9A168672952059B00E55ACA /* BestSellerCell.swift in Sources */ = {isa = PBXBuildFile; fileRef = E9A168662952059B00E55ACA /* BestSellerCell.swift */; };
		E9A89B54295D7C44005985BC /* CommonButton.swift in Sources */ = {isa = PBXBuildFile; fileRef = E9A89B53295D7C44005985BC /* CommonButton.swift */; };
		E9A89B56296378EE005985BC /* TextViewWithParams.swift in Sources */ = {isa = PBXBuildFile; fileRef = E9A89B55296378EE005985BC /* TextViewWithParams.swift */; };
		E9BBCE62295CE37A0086EB00 /* Fonts.swift in Sources */ = {isa = PBXBuildFile; fileRef = E9BBCE61295CE37A0086EB00 /* Fonts.swift */; };
		E9D1C8F529491920001C6436 /* MobileShopApp.swift in Sources */ = {isa = PBXBuildFile; fileRef = E9D1C8F429491920001C6436 /* MobileShopApp.swift */; };
		E9D1C8F929491921001C6436 /* Assets.xcassets in Resources */ = {isa = PBXBuildFile; fileRef = E9D1C8F829491921001C6436 /* Assets.xcassets */; };
		E9D1C8FC29491921001C6436 /* Preview Assets.xcassets in Resources */ = {isa = PBXBuildFile; fileRef = E9D1C8FB29491921001C6436 /* Preview Assets.xcassets */; };
		E9D1C903294919F1001C6436 /* Phones.swift in Sources */ = {isa = PBXBuildFile; fileRef = E9D1C902294919F1001C6436 /* Phones.swift */; };
		E9D1C9062949EF7F001C6436 /* NetworkService.swift in Sources */ = {isa = PBXBuildFile; fileRef = E9D1C9052949EF7F001C6436 /* NetworkService.swift */; };
		E9D1C9082949F182001C6436 /* NetworkDataFetcher.swift in Sources */ = {isa = PBXBuildFile; fileRef = E9D1C9072949F182001C6436 /* NetworkDataFetcher.swift */; };
		E9D1C90C294A511A001C6436 /* DataFetcherService.swift in Sources */ = {isa = PBXBuildFile; fileRef = E9D1C90B294A511A001C6436 /* DataFetcherService.swift */; };
		E9D1C910294A5DA0001C6436 /* HotSales.swift in Sources */ = {isa = PBXBuildFile; fileRef = E9D1C90F294A5DA0001C6436 /* HotSales.swift */; };
		E9D1C912294A634E001C6436 /* HotSalesCell.swift in Sources */ = {isa = PBXBuildFile; fileRef = E9D1C911294A634D001C6436 /* HotSalesCell.swift */; };
		E9D1C914294B1A11001C6436 /* CircleCategories.swift in Sources */ = {isa = PBXBuildFile; fileRef = E9D1C913294B1A11001C6436 /* CircleCategories.swift */; };
		E9D1C916294B1A22001C6436 /* CircleCategoriesCell.swift in Sources */ = {isa = PBXBuildFile; fileRef = E9D1C915294B1A22001C6436 /* CircleCategoriesCell.swift */; };
		E9D1C919294B1B20001C6436 /* Cells.swift in Sources */ = {isa = PBXBuildFile; fileRef = E9D1C918294B1B20001C6436 /* Cells.swift */; };
		E9D1C91B294BA56D001C6436 /* MainView.swift in Sources */ = {isa = PBXBuildFile; fileRef = E9D1C91A294BA56D001C6436 /* MainView.swift */; };
		E9D1C91D294BA57E001C6436 /* MainViewModel.swift in Sources */ = {isa = PBXBuildFile; fileRef = E9D1C91C294BA57E001C6436 /* MainViewModel.swift */; };
		E9D1C921294BA61E001C6436 /* ProductDetailsViewModel.swift in Sources */ = {isa = PBXBuildFile; fileRef = E9D1C920294BA61E001C6436 /* ProductDetailsViewModel.swift */; };
		E9D1C923294BA636001C6436 /* ProductDetailsView.swift in Sources */ = {isa = PBXBuildFile; fileRef = E9D1C922294BA635001C6436 /* ProductDetailsView.swift */; };
		E9D1C926294BA6A7001C6436 /* MyCartView.swift in Sources */ = {isa = PBXBuildFile; fileRef = E9D1C925294BA6A7001C6436 /* MyCartView.swift */; };
		E9D1C928294BA6B7001C6436 /* MyCartViewModel.swift in Sources */ = {isa = PBXBuildFile; fileRef = E9D1C927294BA6B7001C6436 /* MyCartViewModel.swift */; };
		E9D1C92B294BB97E001C6436 /* Colors.swift in Sources */ = {isa = PBXBuildFile; fileRef = E9D1C92A294BB97E001C6436 /* Colors.swift */; };
		E9D1C92E294D0D43001C6436 /* ImageLoader.swift in Sources */ = {isa = PBXBuildFile; fileRef = E9D1C92D294D0D43001C6436 /* ImageLoader.swift */; };
		E9F4A2AC29539A6D007845BF /* BottomBarView.swift in Sources */ = {isa = PBXBuildFile; fileRef = E9F4A2AB29539A6D007845BF /* BottomBarView.swift */; };
/* End PBXBuildFile section */

/* Begin PBXFileReference section */
		E90481AF295522B200283C5D /* LeftBarButtonView.swift */ = {isa = PBXFileReference; lastKnownFileType = sourcecode.swift; path = LeftBarButtonView.swift; sourceTree = "<group>"; };
		E90481B12955232400283C5D /* RightBarItemView.swift */ = {isa = PBXFileReference; lastKnownFileType = sourcecode.swift; path = RightBarItemView.swift; sourceTree = "<group>"; };
		E90481B42955269D00283C5D /* CarouselView.swift */ = {isa = PBXFileReference; lastKnownFileType = sourcecode.swift; path = CarouselView.swift; sourceTree = "<group>"; };
		E90481B929553F1B00283C5D /* SpecificationsView.swift */ = {isa = PBXFileReference; lastKnownFileType = sourcecode.swift; path = SpecificationsView.swift; sourceTree = "<group>"; };
		E90481BB2959A1BF00283C5D /* CartCardView.swift */ = {isa = PBXFileReference; lastKnownFileType = sourcecode.swift; path = CartCardView.swift; sourceTree = "<group>"; };
		E90481CE295C69A900283C5D /* FilterView.swift */ = {isa = PBXFileReference; lastKnownFileType = sourcecode.swift; path = FilterView.swift; sourceTree = "<group>"; };
		E9A168552951D7D200E55ACA /* Info.plist */ = {isa = PBXFileReference; lastKnownFileType = text.plist; path = Info.plist; sourceTree = "<group>"; };
		E9A1685A2951E02B00E55ACA /* MarkPro-Bold.ttf */ = {isa = PBXFileReference; lastKnownFileType = file; path = "MarkPro-Bold.ttf"; sourceTree = "<group>"; };
		E9A1685B2951E02B00E55ACA /* MarkPro-Regular.ttf */ = {isa = PBXFileReference; lastKnownFileType = file; path = "MarkPro-Regular.ttf"; sourceTree = "<group>"; };
		E9A1685C2951E02B00E55ACA /* MarkPro-Medium.ttf */ = {isa = PBXFileReference; lastKnownFileType = file; path = "MarkPro-Medium.ttf"; sourceTree = "<group>"; };
		E9A168642952059100E55ACA /* BestSellerCollectionView.swift */ = {isa = PBXFileReference; lastKnownFileType = sourcecode.swift; path = BestSellerCollectionView.swift; sourceTree = "<group>"; };
		E9A168662952059B00E55ACA /* BestSellerCell.swift */ = {isa = PBXFileReference; lastKnownFileType = sourcecode.swift; path = BestSellerCell.swift; sourceTree = "<group>"; };
		E9A89B53295D7C44005985BC /* CommonButton.swift */ = {isa = PBXFileReference; lastKnownFileType = sourcecode.swift; path = CommonButton.swift; sourceTree = "<group>"; };
		E9A89B55296378EE005985BC /* TextViewWithParams.swift */ = {isa = PBXFileReference; lastKnownFileType = sourcecode.swift; path = TextViewWithParams.swift; sourceTree = "<group>"; };
		E9BBCE61295CE37A0086EB00 /* Fonts.swift */ = {isa = PBXFileReference; lastKnownFileType = sourcecode.swift; path = Fonts.swift; sourceTree = "<group>"; };
		E9D1C8F129491920001C6436 /* Ecommerce Concept.app */ = {isa = PBXFileReference; explicitFileType = wrapper.application; includeInIndex = 0; path = "Ecommerce Concept.app"; sourceTree = BUILT_PRODUCTS_DIR; };
		E9D1C8F429491920001C6436 /* MobileShopApp.swift */ = {isa = PBXFileReference; lastKnownFileType = sourcecode.swift; path = MobileShopApp.swift; sourceTree = "<group>"; };
		E9D1C8F829491921001C6436 /* Assets.xcassets */ = {isa = PBXFileReference; lastKnownFileType = folder.assetcatalog; path = Assets.xcassets; sourceTree = "<group>"; };
		E9D1C8FB29491921001C6436 /* Preview Assets.xcassets */ = {isa = PBXFileReference; lastKnownFileType = folder.assetcatalog; path = "Preview Assets.xcassets"; sourceTree = "<group>"; };
		E9D1C902294919F1001C6436 /* Phones.swift */ = {isa = PBXFileReference; lastKnownFileType = sourcecode.swift; path = Phones.swift; sourceTree = "<group>"; };
		E9D1C9052949EF7F001C6436 /* NetworkService.swift */ = {isa = PBXFileReference; lastKnownFileType = sourcecode.swift; path = NetworkService.swift; sourceTree = "<group>"; };
		E9D1C9072949F182001C6436 /* NetworkDataFetcher.swift */ = {isa = PBXFileReference; lastKnownFileType = sourcecode.swift; path = NetworkDataFetcher.swift; sourceTree = "<group>"; };
		E9D1C90B294A511A001C6436 /* DataFetcherService.swift */ = {isa = PBXFileReference; lastKnownFileType = sourcecode.swift; path = DataFetcherService.swift; sourceTree = "<group>"; };
		E9D1C90F294A5DA0001C6436 /* HotSales.swift */ = {isa = PBXFileReference; lastKnownFileType = sourcecode.swift; path = HotSales.swift; sourceTree = "<group>"; };
		E9D1C911294A634D001C6436 /* HotSalesCell.swift */ = {isa = PBXFileReference; lastKnownFileType = sourcecode.swift; path = HotSalesCell.swift; sourceTree = "<group>"; };
		E9D1C913294B1A11001C6436 /* CircleCategories.swift */ = {isa = PBXFileReference; lastKnownFileType = sourcecode.swift; path = CircleCategories.swift; sourceTree = "<group>"; };
		E9D1C915294B1A22001C6436 /* CircleCategoriesCell.swift */ = {isa = PBXFileReference; lastKnownFileType = sourcecode.swift; path = CircleCategoriesCell.swift; sourceTree = "<group>"; };
		E9D1C918294B1B20001C6436 /* Cells.swift */ = {isa = PBXFileReference; lastKnownFileType = sourcecode.swift; path = Cells.swift; sourceTree = "<group>"; };
		E9D1C91A294BA56D001C6436 /* MainView.swift */ = {isa = PBXFileReference; lastKnownFileType = sourcecode.swift; path = MainView.swift; sourceTree = "<group>"; };
		E9D1C91C294BA57E001C6436 /* MainViewModel.swift */ = {isa = PBXFileReference; lastKnownFileType = sourcecode.swift; path = MainViewModel.swift; sourceTree = "<group>"; };
		E9D1C920294BA61E001C6436 /* ProductDetailsViewModel.swift */ = {isa = PBXFileReference; lastKnownFileType = sourcecode.swift; path = ProductDetailsViewModel.swift; sourceTree = "<group>"; };
		E9D1C922294BA635001C6436 /* ProductDetailsView.swift */ = {isa = PBXFileReference; lastKnownFileType = sourcecode.swift; path = ProductDetailsView.swift; sourceTree = "<group>"; };
		E9D1C925294BA6A7001C6436 /* MyCartView.swift */ = {isa = PBXFileReference; lastKnownFileType = sourcecode.swift; path = MyCartView.swift; sourceTree = "<group>"; };
		E9D1C927294BA6B7001C6436 /* MyCartViewModel.swift */ = {isa = PBXFileReference; lastKnownFileType = sourcecode.swift; path = MyCartViewModel.swift; sourceTree = "<group>"; };
		E9D1C92A294BB97E001C6436 /* Colors.swift */ = {isa = PBXFileReference; lastKnownFileType = sourcecode.swift; path = Colors.swift; sourceTree = "<group>"; };
		E9D1C92D294D0D43001C6436 /* ImageLoader.swift */ = {isa = PBXFileReference; lastKnownFileType = sourcecode.swift; path = ImageLoader.swift; sourceTree = "<group>"; };
		E9F4A2AB29539A6D007845BF /* BottomBarView.swift */ = {isa = PBXFileReference; lastKnownFileType = sourcecode.swift; path = BottomBarView.swift; sourceTree = "<group>"; };
/* End PBXFileReference section */

/* Begin PBXFrameworksBuildPhase section */
		E9D1C8EE29491920001C6436 /* Frameworks */ = {
			isa = PBXFrameworksBuildPhase;
			buildActionMask = 2147483647;
			files = (
			);
			runOnlyForDeploymentPostprocessing = 0;
		};
/* End PBXFrameworksBuildPhase section */

/* Begin PBXGroup section */
		E90481B32955265100283C5D /* SupportViews */ = {
			isa = PBXGroup;
			children = (
				E90481AF295522B200283C5D /* LeftBarButtonView.swift */,
				E90481B12955232400283C5D /* RightBarItemView.swift */,
				E9A89B53295D7C44005985BC /* CommonButton.swift */,
				E9A89B55296378EE005985BC /* TextViewWithParams.swift */,
			);
			path = SupportViews;
			sourceTree = "<group>";
		};
		E90481B629552F4100283C5D /* SupportViews */ = {
			isa = PBXGroup;
			children = (
				E90481B42955269D00283C5D /* CarouselView.swift */,
				E90481B929553F1B00283C5D /* SpecificationsView.swift */,
			);
			path = SupportViews;
			sourceTree = "<group>";
		};
		E90481BD2959A1C300283C5D /* SupportViews */ = {
			isa = PBXGroup;
			children = (
				E90481BB2959A1BF00283C5D /* CartCardView.swift */,
			);
			path = SupportViews;
			sourceTree = "<group>";
		};
		E9A168522951D60400E55ACA /* Fonts */ = {
			isa = PBXGroup;
			children = (
				E9A1685A2951E02B00E55ACA /* MarkPro-Bold.ttf */,
				E9A1685C2951E02B00E55ACA /* MarkPro-Medium.ttf */,
				E9A1685B2951E02B00E55ACA /* MarkPro-Regular.ttf */,
			);
			path = Fonts;
			sourceTree = "<group>";
		};
		E9D1C8E829491920001C6436 = {
			isa = PBXGroup;
			children = (
				E9D1C8F329491920001C6436 /* MobileShop */,
				E9D1C8F229491920001C6436 /* Products */,
			);
			sourceTree = "<group>";
		};
		E9D1C8F229491920001C6436 /* Products */ = {
			isa = PBXGroup;
			children = (
				E9D1C8F129491920001C6436 /* Ecommerce Concept.app */,
			);
			name = Products;
			sourceTree = "<group>";
		};
		E9D1C8F329491920001C6436 /* MobileShop */ = {
			isa = PBXGroup;
			children = (
				E9A168552951D7D200E55ACA /* Info.plist */,
				E9D1C8F429491920001C6436 /* MobileShopApp.swift */,
				E9D1C91E294BA59B001C6436 /* MainView */,
				E9D1C924294BA658001C6436 /* ProductDetailsView */,
				E9D1C929294BA6C4001C6436 /* MyCartView */,
				E90481B32955265100283C5D /* SupportViews */,
				E9D1C8F829491921001C6436 /* Assets.xcassets */,
				E9D1C90A2949F54B001C6436 /* NetworkService */,
				E9D1C9042949EEB4001C6436 /* Models */,
				E9D1C92C294BB982001C6436 /* Extensions */,
				E9D1C8FA29491921001C6436 /* Preview Content */,
				E9A168522951D60400E55ACA /* Fonts */,
			);
			path = MobileShop;
			sourceTree = "<group>";
		};
		E9D1C8FA29491921001C6436 /* Preview Content */ = {
			isa = PBXGroup;
			children = (
				E9D1C8FB29491921001C6436 /* Preview Assets.xcassets */,
			);
			path = "Preview Content";
			sourceTree = "<group>";
		};
		E9D1C9042949EEB4001C6436 /* Models */ = {
			isa = PBXGroup;
			children = (
				E9D1C902294919F1001C6436 /* Phones.swift */,
				E9D1C918294B1B20001C6436 /* Cells.swift */,
			);
			path = Models;
			sourceTree = "<group>";
		};
		E9D1C90A2949F54B001C6436 /* NetworkService */ = {
			isa = PBXGroup;
			children = (
				E9D1C9052949EF7F001C6436 /* NetworkService.swift */,
				E9D1C9072949F182001C6436 /* NetworkDataFetcher.swift */,
				E9D1C90B294A511A001C6436 /* DataFetcherService.swift */,
			);
			path = NetworkService;
			sourceTree = "<group>";
		};
		E9D1C91E294BA59B001C6436 /* MainView */ = {
			isa = PBXGroup;
			children = (
				E9D1C91A294BA56D001C6436 /* MainView.swift */,
				E9D1C91C294BA57E001C6436 /* MainViewModel.swift */,
				E9D1C91F294BA5AE001C6436 /* SupportViews */,
			);
			path = MainView;
			sourceTree = "<group>";
		};
		E9D1C91F294BA5AE001C6436 /* SupportViews */ = {
			isa = PBXGroup;
			children = (
				E9D1C90F294A5DA0001C6436 /* HotSales.swift */,
				E9D1C911294A634D001C6436 /* HotSalesCell.swift */,
				E9D1C913294B1A11001C6436 /* CircleCategories.swift */,
				E9D1C915294B1A22001C6436 /* CircleCategoriesCell.swift */,
				E9A168642952059100E55ACA /* BestSellerCollectionView.swift */,
				E9A168662952059B00E55ACA /* BestSellerCell.swift */,
				E9F4A2AB29539A6D007845BF /* BottomBarView.swift */,
				E90481CE295C69A900283C5D /* FilterView.swift */,
			);
			path = SupportViews;
			sourceTree = "<group>";
		};
		E9D1C924294BA658001C6436 /* ProductDetailsView */ = {
			isa = PBXGroup;
			children = (
				E9D1C922294BA635001C6436 /* ProductDetailsView.swift */,
				E9D1C920294BA61E001C6436 /* ProductDetailsViewModel.swift */,
				E90481B629552F4100283C5D /* SupportViews */,
			);
			path = ProductDetailsView;
			sourceTree = "<group>";
		};
		E9D1C929294BA6C4001C6436 /* MyCartView */ = {
			isa = PBXGroup;
			children = (
				E9D1C925294BA6A7001C6436 /* MyCartView.swift */,
				E9D1C927294BA6B7001C6436 /* MyCartViewModel.swift */,
				E90481BD2959A1C300283C5D /* SupportViews */,
			);
			path = MyCartView;
			sourceTree = "<group>";
		};
		E9D1C92C294BB982001C6436 /* Extensions */ = {
			isa = PBXGroup;
			children = (
				E9D1C92A294BB97E001C6436 /* Colors.swift */,
				E9D1C92D294D0D43001C6436 /* ImageLoader.swift */,
				E9BBCE61295CE37A0086EB00 /* Fonts.swift */,
			);
			path = Extensions;
			sourceTree = "<group>";
		};
/* End PBXGroup section */

/* Begin PBXNativeTarget section */
		E9D1C8F029491920001C6436 /* MobileShop */ = {
			isa = PBXNativeTarget;
			buildConfigurationList = E9D1C8FF29491921001C6436 /* Build configuration list for PBXNativeTarget "MobileShop" */;
			buildPhases = (
				E9D1C8ED29491920001C6436 /* Sources */,
				E9D1C8EE29491920001C6436 /* Frameworks */,
				E9D1C8EF29491920001C6436 /* Resources */,
			);
			buildRules = (
			);
			dependencies = (
			);
			name = MobileShop;
			productName = MobileShop;
			productReference = E9D1C8F129491920001C6436 /* Ecommerce Concept.app */;
			productType = "com.apple.product-type.application";
		};
/* End PBXNativeTarget section */

/* Begin PBXProject section */
		E9D1C8E929491920001C6436 /* Project object */ = {
			isa = PBXProject;
			attributes = {
				BuildIndependentTargetsInParallel = 1;
				LastSwiftUpdateCheck = 1340;
				LastUpgradeCheck = 1340;
				TargetAttributes = {
					E9D1C8F029491920001C6436 = {
						CreatedOnToolsVersion = 13.4.1;
					};
				};
			};
			buildConfigurationList = E9D1C8EC29491920001C6436 /* Build configuration list for PBXProject "MobileShop" */;
			compatibilityVersion = "Xcode 13.0";
			developmentRegion = en;
			hasScannedForEncodings = 0;
			knownRegions = (
				en,
				Base,
			);
			mainGroup = E9D1C8E829491920001C6436;
			productRefGroup = E9D1C8F229491920001C6436 /* Products */;
			projectDirPath = "";
			projectRoot = "";
			targets = (
				E9D1C8F029491920001C6436 /* MobileShop */,
			);
		};
/* End PBXProject section */

/* Begin PBXResourcesBuildPhase section */
		E9D1C8EF29491920001C6436 /* Resources */ = {
			isa = PBXResourcesBuildPhase;
			buildActionMask = 2147483647;
			files = (
				E9D1C8FC29491921001C6436 /* Preview Assets.xcassets in Resources */,
				E9A1685D2951E02B00E55ACA /* MarkPro-Bold.ttf in Resources */,
				E9A1685E2951E02B00E55ACA /* MarkPro-Regular.ttf in Resources */,
				E9D1C8F929491921001C6436 /* Assets.xcassets in Resources */,
				E9A1685F2951E02B00E55ACA /* MarkPro-Medium.ttf in Resources */,
			);
			runOnlyForDeploymentPostprocessing = 0;
		};
/* End PBXResourcesBuildPhase section */

/* Begin PBXSourcesBuildPhase section */
		E9D1C8ED29491920001C6436 /* Sources */ = {
			isa = PBXSourcesBuildPhase;
			buildActionMask = 2147483647;
			files = (
				E90481BC2959A1BF00283C5D /* CartCardView.swift in Sources */,
				E9D1C912294A634E001C6436 /* HotSalesCell.swift in Sources */,
				E9D1C91B294BA56D001C6436 /* MainView.swift in Sources */,
				E9D1C903294919F1001C6436 /* Phones.swift in Sources */,
				E9D1C914294B1A11001C6436 /* CircleCategories.swift in Sources */,
				E90481BA29553F1B00283C5D /* SpecificationsView.swift in Sources */,
				E9A89B54295D7C44005985BC /* CommonButton.swift in Sources */,
				E9D1C916294B1A22001C6436 /* CircleCategoriesCell.swift in Sources */,
				E9D1C91D294BA57E001C6436 /* MainViewModel.swift in Sources */,
				E90481B52955269D00283C5D /* CarouselView.swift in Sources */,
				E9BBCE62295CE37A0086EB00 /* Fonts.swift in Sources */,
				E9A168672952059B00E55ACA /* BestSellerCell.swift in Sources */,
				E9D1C926294BA6A7001C6436 /* MyCartView.swift in Sources */,
				E9D1C910294A5DA0001C6436 /* HotSales.swift in Sources */,
				E90481B22955232400283C5D /* RightBarItemView.swift in Sources */,
				E9F4A2AC29539A6D007845BF /* BottomBarView.swift in Sources */,
				E9D1C92E294D0D43001C6436 /* ImageLoader.swift in Sources */,
				E9A89B56296378EE005985BC /* TextViewWithParams.swift in Sources */,
				E9D1C9062949EF7F001C6436 /* NetworkService.swift in Sources */,
				E9D1C921294BA61E001C6436 /* ProductDetailsViewModel.swift in Sources */,
				E9D1C8F529491920001C6436 /* MobileShopApp.swift in Sources */,
				E9D1C919294B1B20001C6436 /* Cells.swift in Sources */,
				E9D1C928294BA6B7001C6436 /* MyCartViewModel.swift in Sources */,
				E9D1C9082949F182001C6436 /* NetworkDataFetcher.swift in Sources */,
				E90481B0295522B200283C5D /* LeftBarButtonView.swift in Sources */,
				E9A168652952059100E55ACA /* BestSellerCollectionView.swift in Sources */,
				E9D1C90C294A511A001C6436 /* DataFetcherService.swift in Sources */,
				E9D1C923294BA636001C6436 /* ProductDetailsView.swift in Sources */,
				E90481CF295C69A900283C5D /* FilterView.swift in Sources */,
				E9D1C92B294BB97E001C6436 /* Colors.swift in Sources */,
			);
			runOnlyForDeploymentPostprocessing = 0;
		};
/* End PBXSourcesBuildPhase section */

/* Begin XCBuildConfiguration section */
		E9D1C8FD29491921001C6436 /* Debug */ = {
			isa = XCBuildConfiguration;
			buildSettings = {
				ALWAYS_SEARCH_USER_PATHS = NO;
				CLANG_ANALYZER_NONNULL = YES;
				CLANG_ANALYZER_NUMBER_OBJECT_CONVERSION = YES_AGGRESSIVE;
				CLANG_CXX_LANGUAGE_STANDARD = "gnu++17";
				CLANG_ENABLE_MODULES = YES;
				CLANG_ENABLE_OBJC_ARC = YES;
				CLANG_ENABLE_OBJC_WEAK = YES;
				CLANG_WARN_BLOCK_CAPTURE_AUTORELEASING = YES;
				CLANG_WARN_BOOL_CONVERSION = YES;
				CLANG_WARN_COMMA = YES;
				CLANG_WARN_CONSTANT_CONVERSION = YES;
				CLANG_WARN_DEPRECATED_OBJC_IMPLEMENTATIONS = YES;
				CLANG_WARN_DIRECT_OBJC_ISA_USAGE = YES_ERROR;
				CLANG_WARN_DOCUMENTATION_COMMENTS = YES;
				CLANG_WARN_EMPTY_BODY = YES;
				CLANG_WARN_ENUM_CONVERSION = YES;
				CLANG_WARN_INFINITE_RECURSION = YES;
				CLANG_WARN_INT_CONVERSION = YES;
				CLANG_WARN_NON_LITERAL_NULL_CONVERSION = YES;
				CLANG_WARN_OBJC_IMPLICIT_RETAIN_SELF = YES;
				CLANG_WARN_OBJC_LITERAL_CONVERSION = YES;
				CLANG_WARN_OBJC_ROOT_CLASS = YES_ERROR;
				CLANG_WARN_QUOTED_INCLUDE_IN_FRAMEWORK_HEADER = YES;
				CLANG_WARN_RANGE_LOOP_ANALYSIS = YES;
				CLANG_WARN_STRICT_PROTOTYPES = YES;
				CLANG_WARN_SUSPICIOUS_MOVE = YES;
				CLANG_WARN_UNGUARDED_AVAILABILITY = YES_AGGRESSIVE;
				CLANG_WARN_UNREACHABLE_CODE = YES;
				CLANG_WARN__DUPLICATE_METHOD_MATCH = YES;
				COPY_PHASE_STRIP = NO;
				DEBUG_INFORMATION_FORMAT = dwarf;
				ENABLE_STRICT_OBJC_MSGSEND = YES;
				ENABLE_TESTABILITY = YES;
				GCC_C_LANGUAGE_STANDARD = gnu11;
				GCC_DYNAMIC_NO_PIC = NO;
				GCC_NO_COMMON_BLOCKS = YES;
				GCC_OPTIMIZATION_LEVEL = 0;
				GCC_PREPROCESSOR_DEFINITIONS = (
					"DEBUG=1",
					"$(inherited)",
				);
				GCC_WARN_64_TO_32_BIT_CONVERSION = YES;
				GCC_WARN_ABOUT_RETURN_TYPE = YES_ERROR;
				GCC_WARN_UNDECLARED_SELECTOR = YES;
				GCC_WARN_UNINITIALIZED_AUTOS = YES_AGGRESSIVE;
				GCC_WARN_UNUSED_FUNCTION = YES;
				GCC_WARN_UNUSED_VARIABLE = YES;
				IPHONEOS_DEPLOYMENT_TARGET = 15.5;
				MTL_ENABLE_DEBUG_INFO = INCLUDE_SOURCE;
				MTL_FAST_MATH = YES;
				ONLY_ACTIVE_ARCH = YES;
				SDKROOT = iphoneos;
				SWIFT_ACTIVE_COMPILATION_CONDITIONS = DEBUG;
				SWIFT_OPTIMIZATION_LEVEL = "-Onone";
			};
			name = Debug;
		};
		E9D1C8FE29491921001C6436 /* Release */ = {
			isa = XCBuildConfiguration;
			buildSettings = {
				ALWAYS_SEARCH_USER_PATHS = NO;
				CLANG_ANALYZER_NONNULL = YES;
				CLANG_ANALYZER_NUMBER_OBJECT_CONVERSION = YES_AGGRESSIVE;
				CLANG_CXX_LANGUAGE_STANDARD = "gnu++17";
				CLANG_ENABLE_MODULES = YES;
				CLANG_ENABLE_OBJC_ARC = YES;
				CLANG_ENABLE_OBJC_WEAK = YES;
				CLANG_WARN_BLOCK_CAPTURE_AUTORELEASING = YES;
				CLANG_WARN_BOOL_CONVERSION = YES;
				CLANG_WARN_COMMA = YES;
				CLANG_WARN_CONSTANT_CONVERSION = YES;
				CLANG_WARN_DEPRECATED_OBJC_IMPLEMENTATIONS = YES;
				CLANG_WARN_DIRECT_OBJC_ISA_USAGE = YES_ERROR;
				CLANG_WARN_DOCUMENTATION_COMMENTS = YES;
				CLANG_WARN_EMPTY_BODY = YES;
				CLANG_WARN_ENUM_CONVERSION = YES;
				CLANG_WARN_INFINITE_RECURSION = YES;
				CLANG_WARN_INT_CONVERSION = YES;
				CLANG_WARN_NON_LITERAL_NULL_CONVERSION = YES;
				CLANG_WARN_OBJC_IMPLICIT_RETAIN_SELF = YES;
				CLANG_WARN_OBJC_LITERAL_CONVERSION = YES;
				CLANG_WARN_OBJC_ROOT_CLASS = YES_ERROR;
				CLANG_WARN_QUOTED_INCLUDE_IN_FRAMEWORK_HEADER = YES;
				CLANG_WARN_RANGE_LOOP_ANALYSIS = YES;
				CLANG_WARN_STRICT_PROTOTYPES = YES;
				CLANG_WARN_SUSPICIOUS_MOVE = YES;
				CLANG_WARN_UNGUARDED_AVAILABILITY = YES_AGGRESSIVE;
				CLANG_WARN_UNREACHABLE_CODE = YES;
				CLANG_WARN__DUPLICATE_METHOD_MATCH = YES;
				COPY_PHASE_STRIP = NO;
				DEBUG_INFORMATION_FORMAT = "dwarf-with-dsym";
				ENABLE_NS_ASSERTIONS = NO;
				ENABLE_STRICT_OBJC_MSGSEND = YES;
				GCC_C_LANGUAGE_STANDARD = gnu11;
				GCC_NO_COMMON_BLOCKS = YES;
				GCC_WARN_64_TO_32_BIT_CONVERSION = YES;
				GCC_WARN_ABOUT_RETURN_TYPE = YES_ERROR;
				GCC_WARN_UNDECLARED_SELECTOR = YES;
				GCC_WARN_UNINITIALIZED_AUTOS = YES_AGGRESSIVE;
				GCC_WARN_UNUSED_FUNCTION = YES;
				GCC_WARN_UNUSED_VARIABLE = YES;
				IPHONEOS_DEPLOYMENT_TARGET = 15.5;
				MTL_ENABLE_DEBUG_INFO = NO;
				MTL_FAST_MATH = YES;
				SDKROOT = iphoneos;
				SWIFT_COMPILATION_MODE = wholemodule;
				SWIFT_OPTIMIZATION_LEVEL = "-O";
				VALIDATE_PRODUCT = YES;
			};
			name = Release;
		};
		E9D1C90029491921001C6436 /* Debug */ = {
			isa = XCBuildConfiguration;
			buildSettings = {
				ASSETCATALOG_COMPILER_APPICON_NAME = AppIcon;
				ASSETCATALOG_COMPILER_GLOBAL_ACCENT_COLOR_NAME = AccentColor;
				CODE_SIGN_STYLE = Automatic;
				CURRENT_PROJECT_VERSION = 1;
				DEVELOPMENT_ASSET_PATHS = "\"MobileShop/Preview Content\"";
				DEVELOPMENT_TEAM = 24C663Z4HT;
				ENABLE_PREVIEWS = YES;
				GENERATE_INFOPLIST_FILE = YES;
				INFOPLIST_FILE = MobileShop/Info.plist;
				INFOPLIST_KEY_UIApplicationSceneManifest_Generation = YES;
				INFOPLIST_KEY_UIApplicationSupportsIndirectInputEvents = YES;
				INFOPLIST_KEY_UILaunchScreen_Generation = YES;
				INFOPLIST_KEY_UISupportedInterfaceOrientations = UIInterfaceOrientationPortrait;
				INFOPLIST_KEY_UISupportedInterfaceOrientations_iPad = "UIInterfaceOrientationLandscapeLeft UIInterfaceOrientationLandscapeRight UIInterfaceOrientationPortrait UIInterfaceOrientationPortraitUpsideDown";
				IPHONEOS_DEPLOYMENT_TARGET = 16.0;
				LD_RUNPATH_SEARCH_PATHS = (
					"$(inherited)",
					"@executable_path/Frameworks",
				);
				MARKETING_VERSION = 1.0;
				PRODUCT_BUNDLE_IDENTIFIER = com.eugenietyan.MobileShop;
				PRODUCT_NAME = "Ecommerce Concept";
				SWIFT_EMIT_LOC_STRINGS = YES;
				SWIFT_VERSION = 5.0;
				TARGETED_DEVICE_FAMILY = 1;
			};
			name = Debug;
		};
		E9D1C90129491921001C6436 /* Release */ = {
			isa = XCBuildConfiguration;
			buildSettings = {
				ASSETCATALOG_COMPILER_APPICON_NAME = AppIcon;
				ASSETCATALOG_COMPILER_GLOBAL_ACCENT_COLOR_NAME = AccentColor;
				CODE_SIGN_STYLE = Automatic;
				CURRENT_PROJECT_VERSION = 1;
				DEVELOPMENT_ASSET_PATHS = "\"MobileShop/Preview Content\"";
				DEVELOPMENT_TEAM = 24C663Z4HT;
				ENABLE_PREVIEWS = YES;
				GENERATE_INFOPLIST_FILE = YES;
				INFOPLIST_FILE = MobileShop/Info.plist;
				INFOPLIST_KEY_UIApplicationSceneManifest_Generation = YES;
				INFOPLIST_KEY_UIApplicationSupportsIndirectInputEvents = YES;
				INFOPLIST_KEY_UILaunchScreen_Generation = YES;
				INFOPLIST_KEY_UISupportedInterfaceOrientations = UIInterfaceOrientationPortrait;
				INFOPLIST_KEY_UISupportedInterfaceOrientations_iPad = "UIInterfaceOrientationLandscapeLeft UIInterfaceOrientationLandscapeRight UIInterfaceOrientationPortrait UIInterfaceOrientationPortraitUpsideDown";
				IPHONEOS_DEPLOYMENT_TARGET = 16.0;
				LD_RUNPATH_SEARCH_PATHS = (
					"$(inherited)",
					"@executable_path/Frameworks",
				);
				MARKETING_VERSION = 1.0;
				PRODUCT_BUNDLE_IDENTIFIER = com.eugenietyan.MobileShop;
				PRODUCT_NAME = "Ecommerce Concept";
				SWIFT_EMIT_LOC_STRINGS = YES;
				SWIFT_VERSION = 5.0;
				TARGETED_DEVICE_FAMILY = 1;
			};
			name = Release;
		};
/* End XCBuildConfiguration section */

/* Begin XCConfigurationList section */
		E9D1C8EC29491920001C6436 /* Build configuration list for PBXProject "MobileShop" */ = {
			isa = XCConfigurationList;
			buildConfigurations = (
				E9D1C8FD29491921001C6436 /* Debug */,
				E9D1C8FE29491921001C6436 /* Release */,
			);
			defaultConfigurationIsVisible = 0;
			defaultConfigurationName = Release;
		};
		E9D1C8FF29491921001C6436 /* Build configuration list for PBXNativeTarget "MobileShop" */ = {
			isa = XCConfigurationList;
			buildConfigurations = (
				E9D1C90029491921001C6436 /* Debug */,
				E9D1C90129491921001C6436 /* Release */,
			);
			defaultConfigurationIsVisible = 0;
			defaultConfigurationName = Release;
		};
/* End XCConfigurationList section */
	};
	rootObject = E9D1C8E929491920001C6436 /* Project object */;
}
